
Microsoft Visual Studio Solution File, Format Version 12.00
# Visual Studio Version 17
VisualStudioVersion = 17.0.31903.59
MinimumVisualStudioVersion = 10.0.40219.1
Project("{2150E333-8FDC-42A3-9474-1A3956D46DE8}") = "src", "src", "{2FEF6C32-E80A-42C0-84BF-E51021A6F2D5}"
EndProject
Project("{2150E333-8FDC-42A3-9474-1A3956D46DE8}") = "tests", "tests", "{DA6ED7E3-7779-4E2A-81EF-90EF5B81FD17}"
EndProject
Project("{2150E333-8FDC-42A3-9474-1A3956D46DE8}") = "modules", "modules", "{C6C96AA3-CF03-3DD7-E9FD-2F70034C12DA}"
EndProject
Project("{FAE04EC0-301F-11D3-BF4B-00C04F79EFBC}") = "Emata.Exercise.LoansManagement.Shared", "src\modules\Emata.Exercise.LoansManagement.Shared\Emata.Exercise.LoansManagement.Shared.csproj", "{8279C606-9388-4CC1-A059-1FCF45A2E13B}"
EndProject
Project("{FAE04EC0-301F-11D3-BF4B-00C04F79EFBC}") = "Emata.Exercise.LoansManagement.Borrowers", "src\modules\Emata.Exercise.LoansManagement.Borrowers\Emata.Exercise.LoansManagement.Borrowers.csproj", "{12409DBA-8410-4D4E-9010-F82F69F4079B}"
EndProject
Project("{FAE04EC0-301F-11D3-BF4B-00C04F79EFBC}") = "Emata.Exercise.LoansManagement.Loans", "src\modules\Emata.Exercise.LoansManagement.Loans\Emata.Exercise.LoansManagement.Loans.csproj", "{1ED01DBD-8194-4430-BE06-49A847658254}"
EndProject
Project("{FAE04EC0-301F-11D3-BF4B-00C04F79EFBC}") = "Emata.Exercise.LoansManagement.Contracts", "src\Emata.Exercise.LoansManagement.Contracts\Emata.Exercise.LoansManagement.Contracts.csproj", "{A8DB6EE3-9A51-4C7E-941C-050F96C704BA}"
EndProject
Project("{FAE04EC0-301F-11D3-BF4B-00C04F79EFBC}") = "Emata.Exercise.LoansManagement.API", "src\Emata.Exercise.LoansManagement.API\Emata.Exercise.LoansManagement.API.csproj", "{CFEDDB7F-AB8E-470F-BAD1-13B37D65F908}"
EndProject
Project("{FAE04EC0-301F-11D3-BF4B-00C04F79EFBC}") = "Emata.Exercise.LoansManagement.Tests", "tests\Emata.Exercise.LoansManagement.Tests\Emata.Exercise.LoansManagement.Tests.csproj", "{BDB3E24A-D70A-48D0-8CEA-8A57DDB352C7}"
EndProject
Project("{FAE04EC0-301F-11D3-BF4B-00C04F79EFBC}") = "Emata.Exercise.LoansManagement.Repayments", "src\modules\Emata.Exercise.LoansManagement.Repayments\Emata.Exercise.LoansManagement.Repayments.csproj", "{EDCE7262-901F-4108-B597-CB34E9466E3C}"
EndProject
Global
	GlobalSection(SolutionConfigurationPlatforms) = preSolution
		Debug|Any CPU = Debug|Any CPU
		Release|Any CPU = Release|Any CPU
	EndGlobalSection
	GlobalSection(ProjectConfigurationPlatforms) = postSolution
		{8279C606-9388-4CC1-A059-1FCF45A2E13B}.Debug|Any CPU.ActiveCfg = Debug|Any CPU
		{8279C606-9388-4CC1-A059-1FCF45A2E13B}.Debug|Any CPU.Build.0 = Debug|Any CPU
		{8279C606-9388-4CC1-A059-1FCF45A2E13B}.Release|Any CPU.ActiveCfg = Release|Any CPU
		{8279C606-9388-4CC1-A059-1FCF45A2E13B}.Release|Any CPU.Build.0 = Release|Any CPU
		{12409DBA-8410-4D4E-9010-F82F69F4079B}.Debug|Any CPU.ActiveCfg = Debug|Any CPU
		{12409DBA-8410-4D4E-9010-F82F69F4079B}.Debug|Any CPU.Build.0 = Debug|Any CPU
		{12409DBA-8410-4D4E-9010-F82F69F4079B}.Release|Any CPU.ActiveCfg = Release|Any CPU
		{12409DBA-8410-4D4E-9010-F82F69F4079B}.Release|Any CPU.Build.0 = Release|Any CPU
		{1ED01DBD-8194-4430-BE06-49A847658254}.Debug|Any CPU.ActiveCfg = Debug|Any CPU
		{1ED01DBD-8194-4430-BE06-49A847658254}.Debug|Any CPU.Build.0 = Debug|Any CPU
		{1ED01DBD-8194-4430-BE06-49A847658254}.Release|Any CPU.ActiveCfg = Release|Any CPU
		{1ED01DBD-8194-4430-BE06-49A847658254}.Release|Any CPU.Build.0 = Release|Any CPU
		{A8DB6EE3-9A51-4C7E-941C-050F96C704BA}.Debug|Any CPU.ActiveCfg = Debug|Any CPU
		{A8DB6EE3-9A51-4C7E-941C-050F96C704BA}.Debug|Any CPU.Build.0 = Debug|Any CPU
		{A8DB6EE3-9A51-4C7E-941C-050F96C704BA}.Release|Any CPU.ActiveCfg = Release|Any CPU
		{A8DB6EE3-9A51-4C7E-941C-050F96C704BA}.Release|Any CPU.Build.0 = Release|Any CPU
		{CFEDDB7F-AB8E-470F-BAD1-13B37D65F908}.Debug|Any CPU.ActiveCfg = Debug|Any CPU
		{CFEDDB7F-AB8E-470F-BAD1-13B37D65F908}.Debug|Any CPU.Build.0 = Debug|Any CPU
		{CFEDDB7F-AB8E-470F-BAD1-13B37D65F908}.Release|Any CPU.ActiveCfg = Release|Any CPU
		{CFEDDB7F-AB8E-470F-BAD1-13B37D65F908}.Release|Any CPU.Build.0 = Release|Any CPU
		{BDB3E24A-D70A-48D0-8CEA-8A57DDB352C7}.Debug|Any CPU.ActiveCfg = Debug|Any CPU
		{BDB3E24A-D70A-48D0-8CEA-8A57DDB352C7}.Debug|Any CPU.Build.0 = Debug|Any CPU
		{BDB3E24A-D70A-48D0-8CEA-8A57DDB352C7}.Release|Any CPU.ActiveCfg = Release|Any CPU
		{BDB3E24A-D70A-48D0-8CEA-8A57DDB352C7}.Release|Any CPU.Build.0 = Release|Any CPU
		{EDCE7262-901F-4108-B597-CB34E9466E3C}.Debug|Any CPU.ActiveCfg = Debug|Any CPU
		{EDCE7262-901F-4108-B597-CB34E9466E3C}.Debug|Any CPU.Build.0 = Debug|Any CPU
		{EDCE7262-901F-4108-B597-CB34E9466E3C}.Release|Any CPU.ActiveCfg = Release|Any CPU
		{EDCE7262-901F-4108-B597-CB34E9466E3C}.Release|Any CPU.Build.0 = Release|Any CPU
	EndGlobalSection
	GlobalSection(SolutionProperties) = preSolution
		HideSolutionNode = FALSE
	EndGlobalSection
	GlobalSection(NestedProjects) = preSolution
		{C6C96AA3-CF03-3DD7-E9FD-2F70034C12DA} = {2FEF6C32-E80A-42C0-84BF-E51021A6F2D5}
		{8279C606-9388-4CC1-A059-1FCF45A2E13B} = {C6C96AA3-CF03-3DD7-E9FD-2F70034C12DA}
		{12409DBA-8410-4D4E-9010-F82F69F4079B} = {C6C96AA3-CF03-3DD7-E9FD-2F70034C12DA}
		{1ED01DBD-8194-4430-BE06-49A847658254} = {C6C96AA3-CF03-3DD7-E9FD-2F70034C12DA}
		{A8DB6EE3-9A51-4C7E-941C-050F96C704BA} = {2FEF6C32-E80A-42C0-84BF-E51021A6F2D5}
		{CFEDDB7F-AB8E-470F-BAD1-13B37D65F908} = {2FEF6C32-E80A-42C0-84BF-E51021A6F2D5}
		{BDB3E24A-D70A-48D0-8CEA-8A57DDB352C7} = {DA6ED7E3-7779-4E2A-81EF-90EF5B81FD17}
		{EDCE7262-901F-4108-B597-CB34E9466E3C} = {C6C96AA3-CF03-3DD7-E9FD-2F70034C12DA}
	EndGlobalSection
EndGlobal
